// !$*UTF8*$!
{
	archiveVersion = 1;
	classes = {
	};
	objectVersion = 50;
	objects = {

/* Begin PBXBuildFile section */
		02D71CFD26E115E1002BD97C /* AppDelegate.swift in Sources */ = {isa = PBXBuildFile; fileRef = 02D71CFC26E115E1002BD97C /* AppDelegate.swift */; };
		02D71CFF26E115E1002BD97C /* SceneDelegate.swift in Sources */ = {isa = PBXBuildFile; fileRef = 02D71CFE26E115E1002BD97C /* SceneDelegate.swift */; };
		02D71D0126E115E1002BD97C /* MainViewController.swift in Sources */ = {isa = PBXBuildFile; fileRef = 02D71D0026E115E1002BD97C /* MainViewController.swift */; };
		02D71D0626E115E3002BD97C /* Assets.xcassets in Resources */ = {isa = PBXBuildFile; fileRef = 02D71D0526E115E3002BD97C /* Assets.xcassets */; };
		02D71D0926E115E3002BD97C /* LaunchScreen.storyboard in Resources */ = {isa = PBXBuildFile; fileRef = 02D71D0726E115E3002BD97C /* LaunchScreen.storyboard */; };
		02D71D1626E11AD7002BD97C /* UILabel + Extension.swift in Sources */ = {isa = PBXBuildFile; fileRef = 02D71D1526E11AD7002BD97C /* UILabel + Extension.swift */; };
		02D71D1926E11B65002BD97C /* NetworkingManager.swift in Sources */ = {isa = PBXBuildFile; fileRef = 02D71D1826E11B65002BD97C /* NetworkingManager.swift */; };
		02D71D1C26E122CE002BD97C /* MovieResponse.swift in Sources */ = {isa = PBXBuildFile; fileRef = 02D71D1B26E122CE002BD97C /* MovieResponse.swift */; };
		02D71D1E26E12AEC002BD97C /* MovieCollectionViewCell.swift in Sources */ = {isa = PBXBuildFile; fileRef = 02D71D1D26E12AEC002BD97C /* MovieCollectionViewCell.swift */; };
		02D71D2226E12E9C002BD97C /* TVCollectionViewCell.swift in Sources */ = {isa = PBXBuildFile; fileRef = 02D71D2126E12E9C002BD97C /* TVCollectionViewCell.swift */; };
		02D71D2426E13A4D002BD97C /* MovieViewModel.swift in Sources */ = {isa = PBXBuildFile; fileRef = 02D71D2326E13A4D002BD97C /* MovieViewModel.swift */; };
		02D71D2726E15821002BD97C /* ImageDownloadManager.swift in Sources */ = {isa = PBXBuildFile; fileRef = 02D71D2626E15821002BD97C /* ImageDownloadManager.swift */; };
		02D71D2926E15F5D002BD97C /* SeriesResponse.swift in Sources */ = {isa = PBXBuildFile; fileRef = 02D71D2826E15F5D002BD97C /* SeriesResponse.swift */; };
		02D71D2B26E160C8002BD97C /* SeriesViewModel.swift in Sources */ = {isa = PBXBuildFile; fileRef = 02D71D2A26E160C8002BD97C /* SeriesViewModel.swift */; };
		02D71D2D26E22486002BD97C /* SelectedMovieController.swift in Sources */ = {isa = PBXBuildFile; fileRef = 02D71D2C26E22486002BD97C /* SelectedMovieController.swift */; };
		02D71D3626E38A64002BD97C /* SelectedMovieViewModel.swift in Sources */ = {isa = PBXBuildFile; fileRef = 02D71D3526E38A64002BD97C /* SelectedMovieViewModel.swift */; };
		02D71D3826E38B03002BD97C /* SelectedCastsCollectionViewCell.swift in Sources */ = {isa = PBXBuildFile; fileRef = 02D71D3726E38B03002BD97C /* SelectedCastsCollectionViewCell.swift */; };
		02D71D3A26E3A35B002BD97C /* SelectedSerialViewModel.swift in Sources */ = {isa = PBXBuildFile; fileRef = 02D71D3926E3A35B002BD97C /* SelectedSerialViewModel.swift */; };
		02D71D3D26E4C9CF002BD97C /* MainViewControllerViews.swift in Sources */ = {isa = PBXBuildFile; fileRef = 02D71D3C26E4C9CF002BD97C /* MainViewControllerViews.swift */; };
		02D71D3F26E4CBDD002BD97C /* SelectedViewControllerViews.swift in Sources */ = {isa = PBXBuildFile; fileRef = 02D71D3E26E4CBDD002BD97C /* SelectedViewControllerViews.swift */; };
		02D71D4126E4CD43002BD97C /* Int + Extension.swift in Sources */ = {isa = PBXBuildFile; fileRef = 02D71D4026E4CD43002BD97C /* Int + Extension.swift */; };
		02D71D4326E4CDF5002BD97C /* String + Extension.swift in Sources */ = {isa = PBXBuildFile; fileRef = 02D71D4226E4CDF5002BD97C /* String + Extension.swift */; };
/* End PBXBuildFile section */

/* Begin PBXFileReference section */
		02D71CF926E115E1002BD97C /* iMovie.app */ = {isa = PBXFileReference; explicitFileType = wrapper.application; includeInIndex = 0; path = iMovie.app; sourceTree = BUILT_PRODUCTS_DIR; };
		02D71CFC26E115E1002BD97C /* AppDelegate.swift */ = {isa = PBXFileReference; lastKnownFileType = sourcecode.swift; path = AppDelegate.swift; sourceTree = "<group>"; };
		02D71CFE26E115E1002BD97C /* SceneDelegate.swift */ = {isa = PBXFileReference; lastKnownFileType = sourcecode.swift; path = SceneDelegate.swift; sourceTree = "<group>"; };
		02D71D0026E115E1002BD97C /* MainViewController.swift */ = {isa = PBXFileReference; lastKnownFileType = sourcecode.swift; path = MainViewController.swift; sourceTree = "<group>"; };
		02D71D0526E115E3002BD97C /* Assets.xcassets */ = {isa = PBXFileReference; lastKnownFileType = folder.assetcatalog; path = Assets.xcassets; sourceTree = "<group>"; };
		02D71D0826E115E3002BD97C /* Base */ = {isa = PBXFileReference; lastKnownFileType = file.storyboard; name = Base; path = Base.lproj/LaunchScreen.storyboard; sourceTree = "<group>"; };
		02D71D0A26E115E3002BD97C /* Info.plist */ = {isa = PBXFileReference; lastKnownFileType = text.plist.xml; path = Info.plist; sourceTree = "<group>"; };
		02D71D1526E11AD7002BD97C /* UILabel + Extension.swift */ = {isa = PBXFileReference; lastKnownFileType = sourcecode.swift; path = "UILabel + Extension.swift"; sourceTree = "<group>"; };
		02D71D1826E11B65002BD97C /* NetworkingManager.swift */ = {isa = PBXFileReference; lastKnownFileType = sourcecode.swift; path = NetworkingManager.swift; sourceTree = "<group>"; };
		02D71D1B26E122CE002BD97C /* MovieResponse.swift */ = {isa = PBXFileReference; lastKnownFileType = sourcecode.swift; path = MovieResponse.swift; sourceTree = "<group>"; };
		02D71D1D26E12AEC002BD97C /* MovieCollectionViewCell.swift */ = {isa = PBXFileReference; lastKnownFileType = sourcecode.swift; path = MovieCollectionViewCell.swift; sourceTree = "<group>"; };
		02D71D2126E12E9C002BD97C /* TVCollectionViewCell.swift */ = {isa = PBXFileReference; lastKnownFileType = sourcecode.swift; path = TVCollectionViewCell.swift; sourceTree = "<group>"; };
		02D71D2326E13A4D002BD97C /* MovieViewModel.swift */ = {isa = PBXFileReference; lastKnownFileType = sourcecode.swift; path = MovieViewModel.swift; sourceTree = "<group>"; };
		02D71D2626E15821002BD97C /* ImageDownloadManager.swift */ = {isa = PBXFileReference; lastKnownFileType = sourcecode.swift; path = ImageDownloadManager.swift; sourceTree = "<group>"; };
		02D71D2826E15F5D002BD97C /* SeriesResponse.swift */ = {isa = PBXFileReference; lastKnownFileType = sourcecode.swift; path = SeriesResponse.swift; sourceTree = "<group>"; };
		02D71D2A26E160C8002BD97C /* SeriesViewModel.swift */ = {isa = PBXFileReference; lastKnownFileType = sourcecode.swift; path = SeriesViewModel.swift; sourceTree = "<group>"; };
		02D71D2C26E22486002BD97C /* SelectedMovieController.swift */ = {isa = PBXFileReference; lastKnownFileType = sourcecode.swift; path = SelectedMovieController.swift; sourceTree = "<group>"; };
		02D71D3526E38A64002BD97C /* SelectedMovieViewModel.swift */ = {isa = PBXFileReference; lastKnownFileType = sourcecode.swift; path = SelectedMovieViewModel.swift; sourceTree = "<group>"; };
		02D71D3726E38B03002BD97C /* SelectedCastsCollectionViewCell.swift */ = {isa = PBXFileReference; lastKnownFileType = sourcecode.swift; path = SelectedCastsCollectionViewCell.swift; sourceTree = "<group>"; };
		02D71D3926E3A35B002BD97C /* SelectedSerialViewModel.swift */ = {isa = PBXFileReference; lastKnownFileType = sourcecode.swift; path = SelectedSerialViewModel.swift; sourceTree = "<group>"; };
		02D71D3C26E4C9CF002BD97C /* MainViewControllerViews.swift */ = {isa = PBXFileReference; lastKnownFileType = sourcecode.swift; path = MainViewControllerViews.swift; sourceTree = "<group>"; };
		02D71D3E26E4CBDD002BD97C /* SelectedViewControllerViews.swift */ = {isa = PBXFileReference; lastKnownFileType = sourcecode.swift; path = SelectedViewControllerViews.swift; sourceTree = "<group>"; };
		02D71D4026E4CD43002BD97C /* Int + Extension.swift */ = {isa = PBXFileReference; lastKnownFileType = sourcecode.swift; path = "Int + Extension.swift"; sourceTree = "<group>"; };
		02D71D4226E4CDF5002BD97C /* String + Extension.swift */ = {isa = PBXFileReference; lastKnownFileType = sourcecode.swift; path = "String + Extension.swift"; sourceTree = "<group>"; };
/* End PBXFileReference section */

/* Begin PBXFrameworksBuildPhase section */
		02D71CF626E115E1002BD97C /* Frameworks */ = {
			isa = PBXFrameworksBuildPhase;
			buildActionMask = 2147483647;
			files = (
			);
			runOnlyForDeploymentPostprocessing = 0;
		};
/* End PBXFrameworksBuildPhase section */

/* Begin PBXGroup section */
		02D71CF026E115E1002BD97C = {
			isa = PBXGroup;
			children = (
				02D71CFB26E115E1002BD97C /* iMovie */,
				02D71CFA26E115E1002BD97C /* Products */,
			);
			sourceTree = "<group>";
		};
		02D71CFA26E115E1002BD97C /* Products */ = {
			isa = PBXGroup;
			children = (
				02D71CF926E115E1002BD97C /* iMovie.app */,
			);
			name = Products;
			sourceTree = "<group>";
		};
		02D71CFB26E115E1002BD97C /* iMovie */ = {
			isa = PBXGroup;
			children = (
				02D71D1026E11672002BD97C /* Source */,
				02D71D1A26E122C0002BD97C /* Models */,
				02D71D2526E14FCF002BD97C /* ViewModels */,
				02D71D1226E11684002BD97C /* Views */,
				02D71D1726E11B58002BD97C /* Networking */,
				02D71D1126E1167D002BD97C /* Controllers */,
				02D71D1326E11688002BD97C /* Helpers */,
				02D71D1426E11AC0002BD97C /* Extensions */,
				02D71D0A26E115E3002BD97C /* Info.plist */,
			);
			path = iMovie;
			sourceTree = "<group>";
		};
		02D71D1026E11672002BD97C /* Source */ = {
			isa = PBXGroup;
			children = (
				02D71CFC26E115E1002BD97C /* AppDelegate.swift */,
				02D71CFE26E115E1002BD97C /* SceneDelegate.swift */,
			);
			path = Source;
			sourceTree = "<group>";
		};
		02D71D1126E1167D002BD97C /* Controllers */ = {
			isa = PBXGroup;
			children = (
				02D71D0726E115E3002BD97C /* LaunchScreen.storyboard */,
			);
			path = Controllers;
			sourceTree = "<group>";
		};
		02D71D1226E11684002BD97C /* Views */ = {
			isa = PBXGroup;
			children = (
				02D71D0026E115E1002BD97C /* MainViewController.swift */,
				02D71D2C26E22486002BD97C /* SelectedMovieController.swift */,
				02D71D3026E36663002BD97C /* Cells */,
				02D71D3B26E4C9A9002BD97C /* ViewsEntity */,
			);
			path = Views;
			sourceTree = "<group>";
		};
		02D71D1326E11688002BD97C /* Helpers */ = {
			isa = PBXGroup;
			children = (
				02D71D0526E115E3002BD97C /* Assets.xcassets */,
			);
			path = Helpers;
			sourceTree = "<group>";
		};
		02D71D1426E11AC0002BD97C /* Extensions */ = {
			isa = PBXGroup;
			children = (
				02D71D1526E11AD7002BD97C /* UILabel + Extension.swift */,
				02D71D4026E4CD43002BD97C /* Int + Extension.swift */,
				02D71D4226E4CDF5002BD97C /* String + Extension.swift */,
			);
			path = Extensions;
			sourceTree = "<group>";
		};
		02D71D1726E11B58002BD97C /* Networking */ = {
			isa = PBXGroup;
			children = (
				02D71D1826E11B65002BD97C /* NetworkingManager.swift */,
				02D71D2626E15821002BD97C /* ImageDownloadManager.swift */,
			);
			path = Networking;
			sourceTree = "<group>";
		};
		02D71D1A26E122C0002BD97C /* Models */ = {
			isa = PBXGroup;
			children = (
				02D71D1B26E122CE002BD97C /* MovieResponse.swift */,
				02D71D2826E15F5D002BD97C /* SeriesResponse.swift */,
			);
			path = Models;
			sourceTree = "<group>";
		};
		02D71D2526E14FCF002BD97C /* ViewModels */ = {
			isa = PBXGroup;
			children = (
				02D71D2326E13A4D002BD97C /* MovieViewModel.swift */,
				02D71D2A26E160C8002BD97C /* SeriesViewModel.swift */,
				02D71D3526E38A64002BD97C /* SelectedMovieViewModel.swift */,
				02D71D3926E3A35B002BD97C /* SelectedSerialViewModel.swift */,
			);
			path = ViewModels;
			sourceTree = "<group>";
		};
		02D71D3026E36663002BD97C /* Cells */ = {
			isa = PBXGroup;
			children = (
				02D71D1D26E12AEC002BD97C /* MovieCollectionViewCell.swift */,
				02D71D2126E12E9C002BD97C /* TVCollectionViewCell.swift */,
				02D71D3726E38B03002BD97C /* SelectedCastsCollectionViewCell.swift */,
			);
			path = Cells;
			sourceTree = "<group>";
		};
		02D71D3B26E4C9A9002BD97C /* ViewsEntity */ = {
			isa = PBXGroup;
			children = (
				02D71D3C26E4C9CF002BD97C /* MainViewControllerViews.swift */,
				02D71D3E26E4CBDD002BD97C /* SelectedViewControllerViews.swift */,
			);
			path = ViewsEntity;
			sourceTree = "<group>";
		};
/* End PBXGroup section */

/* Begin PBXNativeTarget section */
		02D71CF826E115E1002BD97C /* iMovie */ = {
			isa = PBXNativeTarget;
			buildConfigurationList = 02D71D0D26E115E3002BD97C /* Build configuration list for PBXNativeTarget "iMovie" */;
			buildPhases = (
				02D71CF526E115E1002BD97C /* Sources */,
				02D71CF626E115E1002BD97C /* Frameworks */,
				02D71CF726E115E1002BD97C /* Resources */,
			);
			buildRules = (
			);
			dependencies = (
			);
			name = iMovie;
			productName = iMovie;
			productReference = 02D71CF926E115E1002BD97C /* iMovie.app */;
			productType = "com.apple.product-type.application";
		};
/* End PBXNativeTarget section */

/* Begin PBXProject section */
		02D71CF126E115E1002BD97C /* Project object */ = {
			isa = PBXProject;
			attributes = {
				LastSwiftUpdateCheck = 1250;
				LastUpgradeCheck = 1250;
				TargetAttributes = {
					02D71CF826E115E1002BD97C = {
						CreatedOnToolsVersion = 12.5.1;
					};
				};
			};
			buildConfigurationList = 02D71CF426E115E1002BD97C /* Build configuration list for PBXProject "iMovie" */;
			compatibilityVersion = "Xcode 9.3";
			developmentRegion = en;
			hasScannedForEncodings = 0;
			knownRegions = (
				en,
				Base,
			);
			mainGroup = 02D71CF026E115E1002BD97C;
			productRefGroup = 02D71CFA26E115E1002BD97C /* Products */;
			projectDirPath = "";
			projectRoot = "";
			targets = (
				02D71CF826E115E1002BD97C /* iMovie */,
			);
		};
/* End PBXProject section */

/* Begin PBXResourcesBuildPhase section */
		02D71CF726E115E1002BD97C /* Resources */ = {
			isa = PBXResourcesBuildPhase;
			buildActionMask = 2147483647;
			files = (
				02D71D0926E115E3002BD97C /* LaunchScreen.storyboard in Resources */,
				02D71D0626E115E3002BD97C /* Assets.xcassets in Resources */,
			);
			runOnlyForDeploymentPostprocessing = 0;
		};
/* End PBXResourcesBuildPhase section */

/* Begin PBXSourcesBuildPhase section */
		02D71CF526E115E1002BD97C /* Sources */ = {
			isa = PBXSourcesBuildPhase;
			buildActionMask = 2147483647;
			files = (
				02D71D0126E115E1002BD97C /* MainViewController.swift in Sources */,
				02D71CFD26E115E1002BD97C /* AppDelegate.swift in Sources */,
				02D71D4326E4CDF5002BD97C /* String + Extension.swift in Sources */,
				02D71D1C26E122CE002BD97C /* MovieResponse.swift in Sources */,
				02D71D2B26E160C8002BD97C /* SeriesViewModel.swift in Sources */,
				02D71D3626E38A64002BD97C /* SelectedMovieViewModel.swift in Sources */,
				02D71D2726E15821002BD97C /* ImageDownloadManager.swift in Sources */,
				02D71D4126E4CD43002BD97C /* Int + Extension.swift in Sources */,
				02D71D3F26E4CBDD002BD97C /* SelectedViewControllerViews.swift in Sources */,
				02D71D1626E11AD7002BD97C /* UILabel + Extension.swift in Sources */,
				02D71D2D26E22486002BD97C /* SelectedMovieController.swift in Sources */,
				02D71D1E26E12AEC002BD97C /* MovieCollectionViewCell.swift in Sources */,
				02D71D2426E13A4D002BD97C /* MovieViewModel.swift in Sources */,
				02D71D3826E38B03002BD97C /* SelectedCastsCollectionViewCell.swift in Sources */,
				02D71D1926E11B65002BD97C /* NetworkingManager.swift in Sources */,
				02D71D3D26E4C9CF002BD97C /* MainViewControllerViews.swift in Sources */,
				02D71D2926E15F5D002BD97C /* SeriesResponse.swift in Sources */,
				02D71D3A26E3A35B002BD97C /* SelectedSerialViewModel.swift in Sources */,
				02D71D2226E12E9C002BD97C /* TVCollectionViewCell.swift in Sources */,
				02D71CFF26E115E1002BD97C /* SceneDelegate.swift in Sources */,
			);
			runOnlyForDeploymentPostprocessing = 0;
		};
/* End PBXSourcesBuildPhase section */

/* Begin PBXVariantGroup section */
		02D71D0726E115E3002BD97C /* LaunchScreen.storyboard */ = {
			isa = PBXVariantGroup;
			children = (
				02D71D0826E115E3002BD97C /* Base */,
			);
			name = LaunchScreen.storyboard;
			sourceTree = "<group>";
		};
/* End PBXVariantGroup section */

/* Begin XCBuildConfiguration section */
		02D71D0B26E115E3002BD97C /* Debug */ = {
			isa = XCBuildConfiguration;
			buildSettings = {
				ALWAYS_SEARCH_USER_PATHS = NO;
				CLANG_ANALYZER_NONNULL = YES;
				CLANG_ANALYZER_NUMBER_OBJECT_CONVERSION = YES_AGGRESSIVE;
				CLANG_CXX_LANGUAGE_STANDARD = "gnu++14";
				CLANG_CXX_LIBRARY = "libc++";
				CLANG_ENABLE_MODULES = YES;
				CLANG_ENABLE_OBJC_ARC = YES;
				CLANG_ENABLE_OBJC_WEAK = YES;
				CLANG_WARN_BLOCK_CAPTURE_AUTORELEASING = YES;
				CLANG_WARN_BOOL_CONVERSION = YES;
				CLANG_WARN_COMMA = YES;
				CLANG_WARN_CONSTANT_CONVERSION = YES;
				CLANG_WARN_DEPRECATED_OBJC_IMPLEMENTATIONS = YES;
				CLANG_WARN_DIRECT_OBJC_ISA_USAGE = YES_ERROR;
				CLANG_WARN_DOCUMENTATION_COMMENTS = YES;
				CLANG_WARN_EMPTY_BODY = YES;
				CLANG_WARN_ENUM_CONVERSION = YES;
				CLANG_WARN_INFINITE_RECURSION = YES;
				CLANG_WARN_INT_CONVERSION = YES;
				CLANG_WARN_NON_LITERAL_NULL_CONVERSION = YES;
				CLANG_WARN_OBJC_IMPLICIT_RETAIN_SELF = YES;
				CLANG_WARN_OBJC_LITERAL_CONVERSION = YES;
				CLANG_WARN_OBJC_ROOT_CLASS = YES_ERROR;
				CLANG_WARN_QUOTED_INCLUDE_IN_FRAMEWORK_HEADER = YES;
				CLANG_WARN_RANGE_LOOP_ANALYSIS = YES;
				CLANG_WARN_STRICT_PROTOTYPES = YES;
				CLANG_WARN_SUSPICIOUS_MOVE = YES;
				CLANG_WARN_UNGUARDED_AVAILABILITY = YES_AGGRESSIVE;
				CLANG_WARN_UNREACHABLE_CODE = YES;
				CLANG_WARN__DUPLICATE_METHOD_MATCH = YES;
				COPY_PHASE_STRIP = NO;
				DEBUG_INFORMATION_FORMAT = dwarf;
				ENABLE_STRICT_OBJC_MSGSEND = YES;
				ENABLE_TESTABILITY = YES;
				GCC_C_LANGUAGE_STANDARD = gnu11;
				GCC_DYNAMIC_NO_PIC = NO;
				GCC_NO_COMMON_BLOCKS = YES;
				GCC_OPTIMIZATION_LEVEL = 0;
				GCC_PREPROCESSOR_DEFINITIONS = (
					"DEBUG=1",
					"$(inherited)",
				);
				GCC_WARN_64_TO_32_BIT_CONVERSION = YES;
				GCC_WARN_ABOUT_RETURN_TYPE = YES_ERROR;
				GCC_WARN_UNDECLARED_SELECTOR = YES;
				GCC_WARN_UNINITIALIZED_AUTOS = YES_AGGRESSIVE;
				GCC_WARN_UNUSED_FUNCTION = YES;
				GCC_WARN_UNUSED_VARIABLE = YES;
				IPHONEOS_DEPLOYMENT_TARGET = 14.5;
				MTL_ENABLE_DEBUG_INFO = INCLUDE_SOURCE;
				MTL_FAST_MATH = YES;
				ONLY_ACTIVE_ARCH = YES;
				SDKROOT = iphoneos;
				SWIFT_ACTIVE_COMPILATION_CONDITIONS = DEBUG;
				SWIFT_OPTIMIZATION_LEVEL = "-Onone";
			};
			name = Debug;
		};
		02D71D0C26E115E3002BD97C /* Release */ = {
			isa = XCBuildConfiguration;
			buildSettings = {
				ALWAYS_SEARCH_USER_PATHS = NO;
				CLANG_ANALYZER_NONNULL = YES;
				CLANG_ANALYZER_NUMBER_OBJECT_CONVERSION = YES_AGGRESSIVE;
				CLANG_CXX_LANGUAGE_STANDARD = "gnu++14";
				CLANG_CXX_LIBRARY = "libc++";
				CLANG_ENABLE_MODULES = YES;
				CLANG_ENABLE_OBJC_ARC = YES;
				CLANG_ENABLE_OBJC_WEAK = YES;
				CLANG_WARN_BLOCK_CAPTURE_AUTORELEASING = YES;
				CLANG_WARN_BOOL_CONVERSION = YES;
				CLANG_WARN_COMMA = YES;
				CLANG_WARN_CONSTANT_CONVERSION = YES;
				CLANG_WARN_DEPRECATED_OBJC_IMPLEMENTATIONS = YES;
				CLANG_WARN_DIRECT_OBJC_ISA_USAGE = YES_ERROR;
				CLANG_WARN_DOCUMENTATION_COMMENTS = YES;
				CLANG_WARN_EMPTY_BODY = YES;
				CLANG_WARN_ENUM_CONVERSION = YES;
				CLANG_WARN_INFINITE_RECURSION = YES;
				CLANG_WARN_INT_CONVERSION = YES;
				CLANG_WARN_NON_LITERAL_NULL_CONVERSION = YES;
				CLANG_WARN_OBJC_IMPLICIT_RETAIN_SELF = YES;
				CLANG_WARN_OBJC_LITERAL_CONVERSION = YES;
				CLANG_WARN_OBJC_ROOT_CLASS = YES_ERROR;
				CLANG_WARN_QUOTED_INCLUDE_IN_FRAMEWORK_HEADER = YES;
				CLANG_WARN_RANGE_LOOP_ANALYSIS = YES;
				CLANG_WARN_STRICT_PROTOTYPES = YES;
				CLANG_WARN_SUSPICIOUS_MOVE = YES;
				CLANG_WARN_UNGUARDED_AVAILABILITY = YES_AGGRESSIVE;
				CLANG_WARN_UNREACHABLE_CODE = YES;
				CLANG_WARN__DUPLICATE_METHOD_MATCH = YES;
				COPY_PHASE_STRIP = NO;
				DEBUG_INFORMATION_FORMAT = "dwarf-with-dsym";
				ENABLE_NS_ASSERTIONS = NO;
				ENABLE_STRICT_OBJC_MSGSEND = YES;
				GCC_C_LANGUAGE_STANDARD = gnu11;
				GCC_NO_COMMON_BLOCKS = YES;
				GCC_WARN_64_TO_32_BIT_CONVERSION = YES;
				GCC_WARN_ABOUT_RETURN_TYPE = YES_ERROR;
				GCC_WARN_UNDECLARED_SELECTOR = YES;
				GCC_WARN_UNINITIALIZED_AUTOS = YES_AGGRESSIVE;
				GCC_WARN_UNUSED_FUNCTION = YES;
				GCC_WARN_UNUSED_VARIABLE = YES;
				IPHONEOS_DEPLOYMENT_TARGET = 14.5;
				MTL_ENABLE_DEBUG_INFO = NO;
				MTL_FAST_MATH = YES;
				SDKROOT = iphoneos;
				SWIFT_COMPILATION_MODE = wholemodule;
				SWIFT_OPTIMIZATION_LEVEL = "-O";
				VALIDATE_PRODUCT = YES;
			};
			name = Release;
		};
		02D71D0E26E115E3002BD97C /* Debug */ = {
			isa = XCBuildConfiguration;
			buildSettings = {
				ASSETCATALOG_COMPILER_APPICON_NAME = AppIcon;
				ASSETCATALOG_COMPILER_GLOBAL_ACCENT_COLOR_NAME = AccentColor;
				CODE_SIGN_STYLE = Automatic;
				DEVELOPMENT_TEAM = SAY4Y2DWXX;
				INFOPLIST_FILE = iMovie/Info.plist;
				IPHONEOS_DEPLOYMENT_TARGET = 13.0;
				LD_RUNPATH_SEARCH_PATHS = (
					"$(inherited)",
					"@executable_path/Frameworks",
				);
				PRODUCT_BUNDLE_IDENTIFIER = com.tengizov.iMovie;
				PRODUCT_NAME = "$(TARGET_NAME)";
				SWIFT_VERSION = 5.0;
				TARGETED_DEVICE_FAMILY = 1;
			};
			name = Debug;
		};
		02D71D0F26E115E3002BD97C /* Release */ = {
			isa = XCBuildConfiguration;
			buildSettings = {
				ASSETCATALOG_COMPILER_APPICON_NAME = AppIcon;
				ASSETCATALOG_COMPILER_GLOBAL_ACCENT_COLOR_NAME = AccentColor;
				CODE_SIGN_STYLE = Automatic;
				DEVELOPMENT_TEAM = SAY4Y2DWXX;
				INFOPLIST_FILE = iMovie/Info.plist;
				IPHONEOS_DEPLOYMENT_TARGET = 13.0;
				LD_RUNPATH_SEARCH_PATHS = (
					"$(inherited)",
					"@executable_path/Frameworks",
				);
				PRODUCT_BUNDLE_IDENTIFIER = com.tengizov.iMovie;
				PRODUCT_NAME = "$(TARGET_NAME)";
				SWIFT_VERSION = 5.0;
				TARGETED_DEVICE_FAMILY = 1;
			};
			name = Release;
		};
/* End XCBuildConfiguration section */

/* Begin XCConfigurationList section */
		02D71CF426E115E1002BD97C /* Build configuration list for PBXProject "iMovie" */ = {
			isa = XCConfigurationList;
			buildConfigurations = (
				02D71D0B26E115E3002BD97C /* Debug */,
				02D71D0C26E115E3002BD97C /* Release */,
			);
			defaultConfigurationIsVisible = 0;
			defaultConfigurationName = Release;
		};
		02D71D0D26E115E3002BD97C /* Build configuration list for PBXNativeTarget "iMovie" */ = {
			isa = XCConfigurationList;
			buildConfigurations = (
				02D71D0E26E115E3002BD97C /* Debug */,
				02D71D0F26E115E3002BD97C /* Release */,
			);
			defaultConfigurationIsVisible = 0;
			defaultConfigurationName = Release;
		};
/* End XCConfigurationList section */
	};
	rootObject = 02D71CF126E115E1002BD97C /* Project object */;
}
